# Generated by pub
# See https://dart.dev/tools/pub/glossary#lockfile
packages:
  _flutterfire_internals:
    dependency: transitive
    description:
      name: _flutterfire_internals
      sha256: "3ff770dfff04a67b0863dff205a0936784de1b87a5e99b11c693fc10e66a9ce3"
      url: "https://pub.dev"
    source: hosted
    version: "1.0.12"
  archive:
    dependency: transitive
    description:
      name: archive
      sha256: "0c8368c9b3f0abbc193b9d6133649a614204b528982bebc7026372d61677ce3a"
      url: "https://pub.dev"
    source: hosted
    version: "3.3.7"
  async:
    dependency: transitive
    description:
      name: async
      sha256: "947bfcf187f74dbc5e146c9eb9c0f10c9f8b30743e341481c1e2ed3ecc18c20c"
      url: "https://pub.dev"
    source: hosted
    version: "2.11.0"
  basic_utils:
    dependency: transitive
    description:
      name: basic_utils
      sha256: "3e86a17d2aafbd52ef69c0dc8936b1bc7bd91bcd8fa1c0d222d13ca2f6d000bb"
      url: "https://pub.dev"
    source: hosted
    version: "5.4.2"
  boolean_selector:
    dependency: transitive
    description:
      name: boolean_selector
      sha256: "6cfb5af12253eaf2b368f07bacc5a80d1301a071c73360d746b7f2e32d762c66"
      url: "https://pub.dev"
    source: hosted
    version: "2.1.1"
  bson:
    dependency: transitive
    description:
      name: bson
      sha256: "884c53a58564f4d0ed4a5ebe659ca9743603fe13c22908a5facbee2e21424c23"
      url: "https://pub.dev"
    source: hosted
    version: "3.0.1"
  buffer:
    dependency: transitive
    description:
      name: buffer
      sha256: "8962c12174f53e2e848a6acd7ac7fd63d8a1a6a316c20c458a832d87eba5422a"
      url: "https://pub.dev"
    source: hosted
    version: "1.2.0"
  characters:
    dependency: transitive
    description:
      name: characters
      sha256: "04a925763edad70e8443c99234dc3328f442e811f1d8fd1a72f1c8ad0f69a605"
      url: "https://pub.dev"
    source: hosted
    version: "1.3.0"
  clock:
    dependency: transitive
    description:
      name: clock
      sha256: cb6d7f03e1de671e34607e909a7213e31d7752be4fb66a86d29fe1eb14bfb5cf
      url: "https://pub.dev"
    source: hosted
    version: "1.1.1"
  cloud_firestore:
    dependency: "direct main"
    description:
      name: cloud_firestore
      sha256: a851106a2169c15614047b75ea10d0346650352c6669ab482306572aa4ed9a7d
      url: "https://pub.dev"
    source: hosted
    version: "4.3.1"
  cloud_firestore_platform_interface:
    dependency: transitive
    description:
      name: cloud_firestore_platform_interface
      sha256: "1fac512fef2bfe84ca7f372defbd9dd8efb108be96854db9023739a5b2aa9977"
      url: "https://pub.dev"
    source: hosted
    version: "5.10.1"
  cloud_firestore_web:
    dependency: transitive
    description:
      name: cloud_firestore_web
      sha256: "3fd9581c1447b6e8db6d0f19d0140b196a70ecf582bd1f71e7141fe9abf10ddb"
      url: "https://pub.dev"
    source: hosted
    version: "3.2.1"
  collection:
    dependency: transitive
    description:
      name: collection
      sha256: "4a07be6cb69c84d677a6c3096fcf960cc3285a8330b4603e0d463d15d9bd934c"
      url: "https://pub.dev"
    source: hosted
    version: "1.17.1"
  convert:
    dependency: "direct main"
    description:
      name: convert
      sha256: "1be13198012c1d5bc042dc40ad1d7f16cbd522350984c0c1abf471d6d7e305c6"
      url: "https://pub.dev"
    source: hosted
    version: "3.1.0"
  crypto:
    dependency: transitive
    description:
      name: crypto
      sha256: aa274aa7774f8964e4f4f38cc994db7b6158dd36e9187aaceaddc994b35c6c67
      url: "https://pub.dev"
    source: hosted
    version: "3.0.2"
  cupertino_icons:
    dependency: "direct main"
    description:
      name: cupertino_icons
      sha256: e35129dc44c9118cee2a5603506d823bab99c68393879edb440e0090d07586be
      url: "https://pub.dev"
    source: hosted
    version: "1.0.5"
  curved_navigation_bar:
    dependency: "direct main"
    description:
      name: curved_navigation_bar
      sha256: ea6412d00c5d83501bbf1cf9d1ac2ff11a20fbaf910c103c95ace7de82910334
      url: "https://pub.dev"
    source: hosted
    version: "1.0.3"
  decimal:
    dependency: transitive
    description:
      name: decimal
      sha256: eece91944f523657c75a3a008a90ec7f7eb3986191153a78570c7d0ac8ef3d01
      url: "https://pub.dev"
    source: hosted
    version: "2.3.2"
  email_validator:
    dependency: "direct main"
    description:
      name: email_validator
      sha256: e9a90f27ab2b915a27d7f9c2a7ddda5dd752d6942616ee83529b686fc086221b
      url: "https://pub.dev"
    source: hosted
    version: "2.1.17"
  equatable:
    dependency: transitive
    description:
      name: equatable
      sha256: c2b87cb7756efdf69892005af546c56c0b5037f54d2a88269b4f347a505e3ca2
      url: "https://pub.dev"
    source: hosted
    version: "2.0.5"
  excel:
    dependency: "direct main"
    description:
      name: excel
      sha256: "3b0751b14128f10e7bfde4e13cefb82e7c020006d1270efa82e138cb80605a99"
      url: "https://pub.dev"
    source: hosted
    version: "2.0.4"
  fake_async:
    dependency: transitive
    description:
      name: fake_async
      sha256: "511392330127add0b769b75a987850d136345d9227c6b94c96a04cf4a391bf78"
      url: "https://pub.dev"
    source: hosted
    version: "1.3.1"
  ffi:
    dependency: transitive
    description:
      name: ffi
      sha256: ed5337a5660c506388a9f012be0288fb38b49020ce2b45fe1f8b8323fe429f99
      url: "https://pub.dev"
    source: hosted
    version: "2.0.2"
  file_picker:
    dependency: "direct main"
    description:
      name: file_picker
      sha256: b85eb92b175767fdaa0c543bf3b0d1f610fe966412ea72845fe5ba7801e763ff
      url: "https://pub.dev"
    source: hosted
    version: "5.2.10"
  firebase_analytics:
    dependency: "direct main"
    description:
      name: firebase_analytics
      sha256: "2daceef653b9c2f3399a1f977e06cd14b895569e379f08339706f53a84c9cb5e"
      url: "https://pub.dev"
    source: hosted
    version: "10.1.0"
  firebase_analytics_platform_interface:
    dependency: transitive
    description:
      name: firebase_analytics_platform_interface
      sha256: "370fd678c4a1521da84759bf3969796796b4a7837f51db4d7104a1f1c77b12de"
      url: "https://pub.dev"
    source: hosted
    version: "3.3.17"
  firebase_analytics_web:
    dependency: transitive
    description:
      name: firebase_analytics_web
      sha256: "39c68ad46c0d02819a772606bd1392e984f767a2f4ea5203b5bcadc7c56c8a1d"
      url: "https://pub.dev"
    source: hosted
    version: "0.5.1+8"
  firebase_auth:
    dependency: "direct main"
    description:
      name: firebase_auth
      sha256: ac3c7c8022c1032c1dc7d16e62db1d6f1e2fbdc8c1039ee706d8deb45eca3a42
      url: "https://pub.dev"
    source: hosted
    version: "4.2.5"
  firebase_auth_platform_interface:
    dependency: transitive
    description:
      name: firebase_auth_platform_interface
      sha256: "325d934e21826b3e7030f5018ef61927e2083b4c4fb25218ddef6ffc0012b717"
      url: "https://pub.dev"
    source: hosted
    version: "6.11.7"
  firebase_auth_web:
    dependency: transitive
    description:
      name: firebase_auth_web
      sha256: "3fb9fafcd3541005a309c1a696f7df6294893a0c44f010f4ed1b0ded4793c858"
      url: "https://pub.dev"
    source: hosted
    version: "5.2.4"
  firebase_core:
    dependency: "direct main"
    description:
      name: firebase_core
      sha256: c129209ba55f3d4272c89fb4a4994c15bea77fb6de63a82d45fb6bc5c94e4355
      url: "https://pub.dev"
    source: hosted
    version: "2.4.1"
  firebase_core_platform_interface:
    dependency: "direct main"
    description:
      name: firebase_core_platform_interface
      sha256: "5615b30c36f55b2777d0533771deda7e5730e769e5d3cb7fda79e9bed86cfa55"
      url: "https://pub.dev"
    source: hosted
    version: "4.5.3"
  firebase_core_web:
    dependency: transitive
    description:
      name: firebase_core_web
      sha256: "18b35ce111b0a4266abf723c825bcf9d4e2519d13638cc7f06f2a8dd960c75bc"
      url: "https://pub.dev"
    source: hosted
    version: "2.1.0"
  firebase_storage:
    dependency: "direct main"
    description:
      name: firebase_storage
      sha256: "1801785c8bce9b0b262f5daf36e1a48907620147b8065a25e3ad7ae2e890fc11"
      url: "https://pub.dev"
    source: hosted
    version: "11.0.10"
  firebase_storage_platform_interface:
    dependency: transitive
    description:
      name: firebase_storage_platform_interface
      sha256: "3abc5b687731b7e221ea2b867ddc40ed2f6bdb510dcc3d6cd5d73b25ad750485"
      url: "https://pub.dev"
    source: hosted
    version: "4.1.26"
  firebase_storage_web:
    dependency: transitive
    description:
      name: firebase_storage_web
      sha256: "6ac00cd227fb863fcf3ab67991cbaafcd0993da88f63be552e4e636bb0928a3c"
      url: "https://pub.dev"
    source: hosted
    version: "3.3.19"
  firedart:
    dependency: "direct main"
    description:
      name: firedart
      sha256: "5a6925b857ae327046afac314efc774b80b59e91e9c2202119fead4937ab7a49"
      url: "https://pub.dev"
    source: hosted
    version: "0.9.0+1"
  fixnum:
    dependency: transitive
    description:
      name: fixnum
      sha256: "04be3e934c52e082558cc9ee21f42f5c1cd7a1262f4c63cd0357c08d5bba81ec"
      url: "https://pub.dev"
    source: hosted
    version: "1.0.1"
  fl_chart:
    dependency: "direct main"
    description:
      name: fl_chart
      sha256: "29da130cdef13f47e1798a66e99fd119e557c293b98be8ebaf6fed2cbc43bf29"
      url: "https://pub.dev"
    source: hosted
    version: "0.50.6"
  flutter:
    dependency: "direct main"
    description: flutter
    source: sdk
    version: "0.0.0"
  flutter_keyboard_visibility:
    dependency: transitive
    description:
      name: flutter_keyboard_visibility
      sha256: be41db80ab7156d893878ca48a7520d667075c4841a0435d5544fd836197b55a
      url: "https://pub.dev"
    source: hosted
    version: "5.4.3"
  flutter_keyboard_visibility_linux:
    dependency: transitive
    description:
      name: flutter_keyboard_visibility_linux
      sha256: "6fba7cd9bb033b6ddd8c2beb4c99ad02d728f1e6e6d9b9446667398b2ac39f08"
      url: "https://pub.dev"
    source: hosted
    version: "1.0.0"
  flutter_keyboard_visibility_macos:
    dependency: transitive
    description:
      name: flutter_keyboard_visibility_macos
      sha256: c5c49b16fff453dfdafdc16f26bdd8fb8d55812a1d50b0ce25fc8d9f2e53d086
      url: "https://pub.dev"
    source: hosted
    version: "1.0.0"
  flutter_keyboard_visibility_platform_interface:
    dependency: transitive
    description:
      name: flutter_keyboard_visibility_platform_interface
      sha256: e43a89845873f7be10cb3884345ceb9aebf00a659f479d1c8f4293fcb37022a4
      url: "https://pub.dev"
    source: hosted
    version: "2.0.0"
  flutter_keyboard_visibility_web:
    dependency: transitive
    description:
      name: flutter_keyboard_visibility_web
      sha256: d3771a2e752880c79203f8d80658401d0c998e4183edca05a149f5098ce6e3d1
      url: "https://pub.dev"
    source: hosted
    version: "2.0.0"
  flutter_keyboard_visibility_windows:
    dependency: transitive
    description:
      name: flutter_keyboard_visibility_windows
      sha256: fc4b0f0b6be9b93ae527f3d527fb56ee2d918cd88bbca438c478af7bcfd0ef73
      url: "https://pub.dev"
    source: hosted
    version: "1.0.0"
  flutter_lints:
    dependency: "direct dev"
    description:
      name: flutter_lints
      sha256: aeb0b80a8b3709709c9cc496cdc027c5b3216796bc0af0ce1007eaf24464fd4c
      url: "https://pub.dev"
    source: hosted
    version: "2.0.1"
  flutter_plugin_android_lifecycle:
    dependency: transitive
    description:
      name: flutter_plugin_android_lifecycle
      sha256: "96af49aa6b57c10a312106ad6f71deed5a754029c24789bbf620ba784f0bd0b0"
      url: "https://pub.dev"
    source: hosted
    version: "2.0.14"
  flutter_test:
    dependency: "direct dev"
    description: flutter
    source: sdk
    version: "0.0.0"
  flutter_typeahead:
    dependency: "direct main"
    description:
      name: flutter_typeahead
      sha256: "986143baa65734d02b494ffb8c4e22fc1065d272ded050e7229b81e37aed316e"
      url: "https://pub.dev"
    source: hosted
    version: "4.4.0"
  flutter_web_plugins:
    dependency: transitive
    description: flutter
    source: sdk
    version: "0.0.0"
  googleapis_auth:
    dependency: transitive
    description:
      name: googleapis_auth
      sha256: "127b1bbd32170ab8312f503bd57f1d654d8e4039ddfbc63c027d3f7ade0eff74"
      url: "https://pub.dev"
    source: hosted
    version: "1.3.1"
  grpc:
    dependency: transitive
    description:
      name: grpc
      sha256: a73c16e4f6a4a819be892bb2c73cc1d0b00e36095f69b0738cc91a733e3d27ba
      url: "https://pub.dev"
    source: hosted
    version: "3.1.0"
  http:
    dependency: transitive
    description:
      name: http
      sha256: "6aa2946395183537c8b880962d935877325d6a09a2867c3970c05c0fed6ac482"
      url: "https://pub.dev"
    source: hosted
    version: "0.13.5"
  http2:
    dependency: transitive
    description:
      name: http2
      sha256: "58805ebc6513eed3b98ee0a455a8357e61d187bf2e0fdc1e53120770f78de258"
      url: "https://pub.dev"
    source: hosted
    version: "2.0.1"
  http_parser:
    dependency: transitive
    description:
      name: http_parser
      sha256: "2aa08ce0341cc9b354a498388e30986515406668dbcc4f7c950c3e715496693b"
      url: "https://pub.dev"
    source: hosted
    version: "4.0.2"
  intl:
    dependency: transitive
    description:
      name: intl
      sha256: "910f85bce16fb5c6f614e117efa303e85a1731bb0081edf3604a2ae6e9a3cc91"
      url: "https://pub.dev"
    source: hosted
    version: "0.17.0"
  js:
    dependency: transitive
    description:
      name: js
      sha256: f2c445dce49627136094980615a031419f7f3eb393237e4ecd97ac15dea343f3
      url: "https://pub.dev"
    source: hosted
    version: "0.6.7"
  json_annotation:
    dependency: transitive
    description:
      name: json_annotation
      sha256: "3520fa844009431b5d4491a5a778603520cdc399ab3406332dcc50f93547258c"
      url: "https://pub.dev"
    source: hosted
    version: "4.7.0"
  lints:
    dependency: transitive
    description:
      name: lints
      sha256: "5e4a9cd06d447758280a8ac2405101e0e2094d2a1dbdd3756aec3fe7775ba593"
      url: "https://pub.dev"
    source: hosted
    version: "2.0.1"
  logging:
    dependency: transitive
    description:
      name: logging
      sha256: c0bbfe94d46aedf9b8b3e695cf3bd48c8e14b35e3b2c639e0aa7755d589ba946
      url: "https://pub.dev"
    source: hosted
    version: "1.1.0"
  matcher:
    dependency: transitive
    description:
      name: matcher
      sha256: "6501fbd55da300384b768785b83e5ce66991266cec21af89ab9ae7f5ce1c4cbb"
      url: "https://pub.dev"
    source: hosted
    version: "0.12.15"
  material_color_utilities:
    dependency: transitive
    description:
      name: material_color_utilities
      sha256: d92141dc6fe1dad30722f9aa826c7fbc896d021d792f80678280601aff8cf724
      url: "https://pub.dev"
    source: hosted
    version: "0.2.0"
  meta:
    dependency: transitive
    description:
      name: meta
      sha256: "3c74dbf8763d36539f114c799d8a2d87343b5067e9d796ca22b5eb8437090ee3"
      url: "https://pub.dev"
    source: hosted
    version: "1.9.1"
  mongo_dart:
    dependency: "direct main"
    description:
      name: mongo_dart
      sha256: b7af1e1a0a0e7c026dfd9602251bf00247e8d9edf730a8bfdbf10c659021fb6d
      url: "https://pub.dev"
    source: hosted
    version: "0.8.2"
  mongo_dart_query:
    dependency: transitive
    description:
      name: mongo_dart_query
      sha256: b8374cf4bb3bd9d7885d7af2d946a6020a2871651917f65f459c46d8f791c09b
      url: "https://pub.dev"
    source: hosted
    version: "3.0.0"
  packages_extensions:
    dependency: transitive
    description:
      name: packages_extensions
      sha256: "268108a92be955e33a58cf6492e289e43ef55a50c89fa64947f032f5cefeb3fc"
      url: "https://pub.dev"
    source: hosted
    version: "0.1.0"
  path:
    dependency: transitive
    description:
      name: path
      sha256: "8829d8a55c13fc0e37127c29fedf290c102f4e40ae94ada574091fe0ff96c917"
      url: "https://pub.dev"
    source: hosted
    version: "1.8.3"
  pedantic:
    dependency: transitive
    description:
      name: pedantic
      sha256: "67fc27ed9639506c856c840ccce7594d0bdcd91bc8d53d6e52359449a1d50602"
      url: "https://pub.dev"
    source: hosted
    version: "1.11.1"
  petitparser:
    dependency: transitive
    description:
      name: petitparser
      sha256: "2ebb289dc4764ec397f5cd3ca9881c6d17196130a7d646ed022a0dd9c2e25a71"
      url: "https://pub.dev"
    source: hosted
    version: "5.0.0"
  plugin_platform_interface:
    dependency: transitive
    description:
      name: plugin_platform_interface
      sha256: "6a2128648c854906c53fa8e33986fc0247a1116122f9534dd20e3ab9e16a32bc"
      url: "https://pub.dev"
    source: hosted
    version: "2.1.4"
  pointycastle:
    dependency: transitive
    description:
      name: pointycastle
      sha256: "7c1e5f0d23c9016c5bbd8b1473d0d3fb3fc851b876046039509e18e0c7485f2c"
      url: "https://pub.dev"
    source: hosted
    version: "3.7.3"
  pool:
    dependency: transitive
    description:
      name: pool
      sha256: "20fe868b6314b322ea036ba325e6fc0711a22948856475e2c2b6306e8ab39c2a"
      url: "https://pub.dev"
    source: hosted
    version: "1.5.1"
  power_extensions:
    dependency: transitive
    description:
      name: power_extensions
      sha256: "9e9092bebe65c05de19eab134f3c2a00afb8857fcb0a8a4571dad1e8289f170c"
      url: "https://pub.dev"
    source: hosted
    version: "0.2.2"
  protobuf:
    dependency: transitive
    description:
      name: protobuf
      sha256: "01dd9bd0fa02548bf2ceee13545d4a0ec6046459d847b6b061d8a27237108a08"
      url: "https://pub.dev"
    source: hosted
    version: "2.1.0"
  rational:
    dependency: transitive
    description:
      name: rational
      sha256: ba58e9e18df9abde280e8b10051e4bce85091e41e8e7e411b6cde2e738d357cf
      url: "https://pub.dev"
    source: hosted
    version: "2.2.2"
  sasl_scram:
    dependency: transitive
    description:
      name: sasl_scram
      sha256: a47207a436eb650f8fdcf54a2e2587b850dc3caef9973ce01f332b07a6fc9cb9
      url: "https://pub.dev"
    source: hosted
    version: "0.1.1"
  saslprep:
    dependency: transitive
    description:
      name: saslprep
      sha256: "79c9e163a82f55da542feaf0f7a59031e74493299c92008b2b404cd88d639bb4"
      url: "https://pub.dev"
    source: hosted
    version: "1.0.2"
  sky_engine:
    dependency: transitive
    description: flutter
    source: sdk
    version: "0.0.99"
  source_span:
    dependency: transitive
    description:
      name: source_span
      sha256: dd904f795d4b4f3b870833847c461801f6750a9fa8e61ea5ac53f9422b31f250
      url: "https://pub.dev"
    source: hosted
    version: "1.9.1"
  stack_trace:
    dependency: transitive
    description:
      name: stack_trace
      sha256: c3c7d8edb15bee7f0f74debd4b9c5f3c2ea86766fe4178eb2a18eb30a0bdaed5
      url: "https://pub.dev"
    source: hosted
    version: "1.11.0"
  stream_channel:
    dependency: transitive
    description:
      name: stream_channel
      sha256: "83615bee9045c1d322bbbd1ba209b7a749c2cbcdcb3fdd1df8eb488b3279c1c8"
      url: "https://pub.dev"
    source: hosted
    version: "2.1.1"
  string_scanner:
    dependency: transitive
    description:
      name: string_scanner
      sha256: "556692adab6cfa87322a115640c11f13cb77b3f076ddcc5d6ae3c20242bedcde"
      url: "https://pub.dev"
    source: hosted
    version: "1.2.0"
  term_glyph:
    dependency: transitive
    description:
      name: term_glyph
      sha256: a29248a84fbb7c79282b40b8c72a1209db169a2e0542bce341da992fe1bc7e84
      url: "https://pub.dev"
    source: hosted
    version: "1.2.1"
  test_api:
    dependency: transitive
    description:
      name: test_api
      sha256: eb6ac1540b26de412b3403a163d919ba86f6a973fe6cc50ae3541b80092fdcfb
      url: "https://pub.dev"
    source: hosted
    version: "0.5.1"
  typed_data:
    dependency: transitive
    description:
      name: typed_data
      sha256: facc8d6582f16042dd49f2463ff1bd6e2c9ef9f3d5da3d9b087e244a7b564b3c
      url: "https://pub.dev"
    source: hosted
    version: "1.3.2"
  unorm_dart:
    dependency: transitive
    description:
      name: unorm_dart
      sha256: "5b35bff83fce4d76467641438f9e867dc9bcfdb8c1694854f230579d68cd8f4b"
      url: "https://pub.dev"
    source: hosted
    version: "0.2.0"
  uuid:
    dependency: transitive
    description:
      name: uuid
      sha256: "648e103079f7c64a36dc7d39369cabb358d377078a051d6ae2ad3aa539519313"
      url: "https://pub.dev"
    source: hosted
    version: "3.0.7"
  vector_math:
    dependency: transitive
    description:
      name: vector_math
      sha256: "80b3257d1492ce4d091729e3a67a60407d227c27241d6927be0130c98e741803"
      url: "https://pub.dev"
    source: hosted
    version: "2.1.4"
  vy_string_utils:
    dependency: transitive
    description:
      name: vy_string_utils
      sha256: fcb31a6a284c1f3793a376b50bad19fff0444a9ce9c819dc1c4b5d01dcea8acc
      url: "https://pub.dev"
    source: hosted
    version: "0.4.5"
  win32:
    dependency: transitive
    description:
      name: win32
      sha256: a6f0236dbda0f63aa9a25ad1ff9a9d8a4eaaa5012da0dc59d21afdb1dc361ca4
      url: "https://pub.dev"
    source: hosted
    version: "3.1.4"
  xml:
    dependency: transitive
    description:
      name: xml
      sha256: ac0e3f4bf00ba2708c33fbabbbe766300e509f8c82dbd4ab6525039813f7e2fb
      url: "https://pub.dev"
    source: hosted
    version: "6.1.0"
sdks:
  dart: ">=3.0.0-0 <4.0.0"
  flutter: ">=3.0.0"
